
Microsoft Visual Studio Solution File, Format Version 12.00
# Visual Studio 15
VisualStudioVersion = 15.0.28010.2041
MinimumVisualStudioVersion = 10.0.40219.1
Project("{FAE04EC0-301F-11D3-BF4B-00C04F79EFBC}") = "EAP_WS1", "EAP_WS1\EAP_WS1.csproj", "{3D6FA396-CC77-4169-A1F2-C58864710AEB}"
EndProject
Global
	GlobalSection(SolutionConfigurationPlatforms) = preSolution
		Debug|Any CPU = Debug|Any CPU
		Release|Any CPU = Release|Any CPU
	EndGlobalSection
	GlobalSection(ProjectConfigurationPlatforms) = postSolution
		{3D6FA396-CC77-4169-A1F2-C58864710AEB}.Debug|Any CPU.ActiveCfg = Debug|Any CPU
		{3D6FA396-CC77-4169-A1F2-C58864710AEB}.Debug|Any CPU.Build.0 = Debug|Any CPU
		{3D6FA396-CC77-4169-A1F2-C58864710AEB}.Release|Any CPU.ActiveCfg = Release|Any CPU
		{3D6FA396-CC77-4169-A1F2-C58864710AEB}.Release|Any CPU.Build.0 = Release|Any CPU
	EndGlobalSection
	GlobalSection(SolutionProperties) = preSolution
		HideSolutionNode = FALSE
	EndGlobalSection
	GlobalSection(ExtensibilityGlobals) = postSolution
		SolutionGuid = {0C12DD44-2FCB-493F-BE81-D86D9F5ECB37}
	EndGlobalSection
EndGlobal
